
Microsoft Visual Studio Solution File, Format Version 12.00
# Visual Studio Version 17
VisualStudioVersion = 17.5.33530.505
MinimumVisualStudioVersion = 10.0.40219.1
Project("{FAE04EC0-301F-11D3-BF4B-00C04F79EFBC}") = "Wolt.Entities", "Wolt.Entities\Wolt.Entities.csproj", "{9E5F2476-0D1F-4A2A-8D06-2C9F57AA101C}"
EndProject
Project("{FAE04EC0-301F-11D3-BF4B-00C04F79EFBC}") = "Wolt.API", "Wolt.API\Wolt.API.csproj", "{006A7EFE-1A64-4488-8A8A-1C88DCC7C272}"
EndProject
Project("{FAE04EC0-301F-11D3-BF4B-00C04F79EFBC}") = "Wolt.BLL", "Wolt.BLL\Wolt.BLL.csproj", "{E3563361-3E5C-4AE9-AE3B-65D202B768EA}"
EndProject
Project("{FAE04EC0-301F-11D3-BF4B-00C04F79EFBC}") = "WOLT.DAL", "WOLT.DAL\WOLT.DAL.csproj", "{FA1446FD-FA37-4DD3-9031-E78DA2897A01}"
EndProject
Global
	GlobalSection(SolutionConfigurationPlatforms) = preSolution
		Debug|Any CPU = Debug|Any CPU
		Release|Any CPU = Release|Any CPU
	EndGlobalSection
	GlobalSection(ProjectConfigurationPlatforms) = postSolution
		{9E5F2476-0D1F-4A2A-8D06-2C9F57AA101C}.Debug|Any CPU.ActiveCfg = Debug|Any CPU
		{9E5F2476-0D1F-4A2A-8D06-2C9F57AA101C}.Debug|Any CPU.Build.0 = Debug|Any CPU
		{9E5F2476-0D1F-4A2A-8D06-2C9F57AA101C}.Release|Any CPU.ActiveCfg = Release|Any CPU
		{9E5F2476-0D1F-4A2A-8D06-2C9F57AA101C}.Release|Any CPU.Build.0 = Release|Any CPU
		{006A7EFE-1A64-4488-8A8A-1C88DCC7C272}.Debug|Any CPU.ActiveCfg = Debug|Any CPU
		{006A7EFE-1A64-4488-8A8A-1C88DCC7C272}.Debug|Any CPU.Build.0 = Debug|Any CPU
		{006A7EFE-1A64-4488-8A8A-1C88DCC7C272}.Release|Any CPU.ActiveCfg = Release|Any CPU
		{006A7EFE-1A64-4488-8A8A-1C88DCC7C272}.Release|Any CPU.Build.0 = Release|Any CPU
		{E3563361-3E5C-4AE9-AE3B-65D202B768EA}.Debug|Any CPU.ActiveCfg = Debug|Any CPU
		{E3563361-3E5C-4AE9-AE3B-65D202B768EA}.Debug|Any CPU.Build.0 = Debug|Any CPU
		{E3563361-3E5C-4AE9-AE3B-65D202B768EA}.Release|Any CPU.ActiveCfg = Release|Any CPU
		{E3563361-3E5C-4AE9-AE3B-65D202B768EA}.Release|Any CPU.Build.0 = Release|Any CPU
		{FA1446FD-FA37-4DD3-9031-E78DA2897A01}.Debug|Any CPU.ActiveCfg = Debug|Any CPU
		{FA1446FD-FA37-4DD3-9031-E78DA2897A01}.Debug|Any CPU.Build.0 = Debug|Any CPU
		{FA1446FD-FA37-4DD3-9031-E78DA2897A01}.Release|Any CPU.ActiveCfg = Release|Any CPU
		{FA1446FD-FA37-4DD3-9031-E78DA2897A01}.Release|Any CPU.Build.0 = Release|Any CPU
	EndGlobalSection
	GlobalSection(SolutionProperties) = preSolution
		HideSolutionNode = FALSE
	EndGlobalSection
	GlobalSection(ExtensibilityGlobals) = postSolution
		SolutionGuid = {38508931-4127-4F47-8047-12CD63D682BE}
	EndGlobalSection
EndGlobal
